// !$*UTF8*$!
{
	archiveVersion = 1;
	classes = {
	};
	objectVersion = 50;
	objects = {

/* Begin PBXBuildFile section */
		05E81E809C16180D1E37EB6E /* Pods_testTests.framework in Frameworks */ = {isa = PBXBuildFile; fileRef = C06E1D50F368EB41EC5CC573 /* Pods_testTests.framework */; };
		45A52D3E02FE6C6A5EAC8FD3 /* Pods_testUITests.framework in Frameworks */ = {isa = PBXBuildFile; fileRef = DBBEC2915C47000A6CB4B893 /* Pods_testUITests.framework */; };
		49A4F9DD2240A4A6000A0F72 /* CustomCollectionTableViewCell.swift in Sources */ = {isa = PBXBuildFile; fileRef = 49A4F9DC2240A4A6000A0F72 /* CustomCollectionTableViewCell.swift */; };
		49A4F9DF2240A6CD000A0F72 /* CollectionClass.swift in Sources */ = {isa = PBXBuildFile; fileRef = 49A4F9DE2240A6CD000A0F72 /* CollectionClass.swift */; };
		49D163312221C13B005F3775 /* AppDelegate.swift in Sources */ = {isa = PBXBuildFile; fileRef = 49D163302221C13B005F3775 /* AppDelegate.swift */; };
		49D163332221C13B005F3775 /* CustomCollectionsViewController.swift in Sources */ = {isa = PBXBuildFile; fileRef = 49D163322221C13B005F3775 /* CustomCollectionsViewController.swift */; };
		49D163362221C13B005F3775 /* Main.storyboard in Resources */ = {isa = PBXBuildFile; fileRef = 49D163342221C13B005F3775 /* Main.storyboard */; };
		49D163382221C13D005F3775 /* Assets.xcassets in Resources */ = {isa = PBXBuildFile; fileRef = 49D163372221C13D005F3775 /* Assets.xcassets */; };
		49D1633B2221C13D005F3775 /* LaunchScreen.storyboard in Resources */ = {isa = PBXBuildFile; fileRef = 49D163392221C13D005F3775 /* LaunchScreen.storyboard */; };
		49D163462221C13D005F3775 /* testTests.swift in Sources */ = {isa = PBXBuildFile; fileRef = 49D163452221C13D005F3775 /* testTests.swift */; };
		49D163512221C13D005F3775 /* testUITests.swift in Sources */ = {isa = PBXBuildFile; fileRef = 49D163502221C13D005F3775 /* testUITests.swift */; };
		E17BE1CA008D7EB462DEA44E /* Pods_test.framework in Frameworks */ = {isa = PBXBuildFile; fileRef = BDC21B961989B3F40C6F1896 /* Pods_test.framework */; };
/* End PBXBuildFile section */

/* Begin PBXContainerItemProxy section */
		49D163422221C13D005F3775 /* PBXContainerItemProxy */ = {
			isa = PBXContainerItemProxy;
			containerPortal = 49D163252221C13B005F3775 /* Project object */;
			proxyType = 1;
			remoteGlobalIDString = 49D1632C2221C13B005F3775;
			remoteInfo = test;
		};
		49D1634D2221C13D005F3775 /* PBXContainerItemProxy */ = {
			isa = PBXContainerItemProxy;
			containerPortal = 49D163252221C13B005F3775 /* Project object */;
			proxyType = 1;
			remoteGlobalIDString = 49D1632C2221C13B005F3775;
			remoteInfo = test;
		};
/* End PBXContainerItemProxy section */

/* Begin PBXFileReference section */
		122B69288C89A137F23C5261 /* Pods-test.release.xcconfig */ = {isa = PBXFileReference; includeInIndex = 1; lastKnownFileType = text.xcconfig; name = "Pods-test.release.xcconfig"; path = "Target Support Files/Pods-test/Pods-test.release.xcconfig"; sourceTree = "<group>"; };
		1A94A0BCEEC41FE2C53CF11F /* Pods-testUITests.debug.xcconfig */ = {isa = PBXFileReference; includeInIndex = 1; lastKnownFileType = text.xcconfig; name = "Pods-testUITests.debug.xcconfig"; path = "Target Support Files/Pods-testUITests/Pods-testUITests.debug.xcconfig"; sourceTree = "<group>"; };
		49A4F9DC2240A4A6000A0F72 /* CustomCollectionTableViewCell.swift */ = {isa = PBXFileReference; lastKnownFileType = sourcecode.swift; path = CustomCollectionTableViewCell.swift; sourceTree = "<group>"; };
		49A4F9DE2240A6CD000A0F72 /* CollectionClass.swift */ = {isa = PBXFileReference; lastKnownFileType = sourcecode.swift; path = CollectionClass.swift; sourceTree = "<group>"; };
		49D1632D2221C13B005F3775 /* test.app */ = {isa = PBXFileReference; explicitFileType = wrapper.application; includeInIndex = 0; path = test.app; sourceTree = BUILT_PRODUCTS_DIR; };
		49D163302221C13B005F3775 /* AppDelegate.swift */ = {isa = PBXFileReference; lastKnownFileType = sourcecode.swift; path = AppDelegate.swift; sourceTree = "<group>"; };
		49D163322221C13B005F3775 /* CustomCollectionsViewController.swift */ = {isa = PBXFileReference; lastKnownFileType = sourcecode.swift; path = CustomCollectionsViewController.swift; sourceTree = "<group>"; };
		49D163352221C13B005F3775 /* Base */ = {isa = PBXFileReference; lastKnownFileType = file.storyboard; name = Base; path = Base.lproj/Main.storyboard; sourceTree = "<group>"; };
		49D163372221C13D005F3775 /* Assets.xcassets */ = {isa = PBXFileReference; lastKnownFileType = folder.assetcatalog; path = Assets.xcassets; sourceTree = "<group>"; };
		49D1633A2221C13D005F3775 /* Base */ = {isa = PBXFileReference; lastKnownFileType = file.storyboard; name = Base; path = Base.lproj/LaunchScreen.storyboard; sourceTree = "<group>"; };
		49D1633C2221C13D005F3775 /* Info.plist */ = {isa = PBXFileReference; lastKnownFileType = text.plist.xml; path = Info.plist; sourceTree = "<group>"; };
		49D163412221C13D005F3775 /* testTests.xctest */ = {isa = PBXFileReference; explicitFileType = wrapper.cfbundle; includeInIndex = 0; path = testTests.xctest; sourceTree = BUILT_PRODUCTS_DIR; };
		49D163452221C13D005F3775 /* testTests.swift */ = {isa = PBXFileReference; lastKnownFileType = sourcecode.swift; path = testTests.swift; sourceTree = "<group>"; };
		49D163472221C13D005F3775 /* Info.plist */ = {isa = PBXFileReference; lastKnownFileType = text.plist.xml; path = Info.plist; sourceTree = "<group>"; };
		49D1634C2221C13D005F3775 /* testUITests.xctest */ = {isa = PBXFileReference; explicitFileType = wrapper.cfbundle; includeInIndex = 0; path = testUITests.xctest; sourceTree = BUILT_PRODUCTS_DIR; };
		49D163502221C13D005F3775 /* testUITests.swift */ = {isa = PBXFileReference; lastKnownFileType = sourcecode.swift; path = testUITests.swift; sourceTree = "<group>"; };
		49D163522221C13D005F3775 /* Info.plist */ = {isa = PBXFileReference; lastKnownFileType = text.plist.xml; path = Info.plist; sourceTree = "<group>"; };
		4FFAC7799798E4F971321966 /* Pods-testTests.release.xcconfig */ = {isa = PBXFileReference; includeInIndex = 1; lastKnownFileType = text.xcconfig; name = "Pods-testTests.release.xcconfig"; path = "Target Support Files/Pods-testTests/Pods-testTests.release.xcconfig"; sourceTree = "<group>"; };
		552D12B00CBE39B4A5AD2317 /* Pods-testUITests.release.xcconfig */ = {isa = PBXFileReference; includeInIndex = 1; lastKnownFileType = text.xcconfig; name = "Pods-testUITests.release.xcconfig"; path = "Target Support Files/Pods-testUITests/Pods-testUITests.release.xcconfig"; sourceTree = "<group>"; };
		6343A80209DDC7C17E24C7E3 /* Pods-testTests.debug.xcconfig */ = {isa = PBXFileReference; includeInIndex = 1; lastKnownFileType = text.xcconfig; name = "Pods-testTests.debug.xcconfig"; path = "Target Support Files/Pods-testTests/Pods-testTests.debug.xcconfig"; sourceTree = "<group>"; };
		BDC21B961989B3F40C6F1896 /* Pods_test.framework */ = {isa = PBXFileReference; explicitFileType = wrapper.framework; includeInIndex = 0; path = Pods_test.framework; sourceTree = BUILT_PRODUCTS_DIR; };
		BF0A74EE621861B0245F93F6 /* Pods-test.debug.xcconfig */ = {isa = PBXFileReference; includeInIndex = 1; lastKnownFileType = text.xcconfig; name = "Pods-test.debug.xcconfig"; path = "Target Support Files/Pods-test/Pods-test.debug.xcconfig"; sourceTree = "<group>"; };
		C06E1D50F368EB41EC5CC573 /* Pods_testTests.framework */ = {isa = PBXFileReference; explicitFileType = wrapper.framework; includeInIndex = 0; path = Pods_testTests.framework; sourceTree = BUILT_PRODUCTS_DIR; };
		DBBEC2915C47000A6CB4B893 /* Pods_testUITests.framework */ = {isa = PBXFileReference; explicitFileType = wrapper.framework; includeInIndex = 0; path = Pods_testUITests.framework; sourceTree = BUILT_PRODUCTS_DIR; };
/* End PBXFileReference section */

/* Begin PBXFrameworksBuildPhase section */
		49D1632A2221C13B005F3775 /* Frameworks */ = {
			isa = PBXFrameworksBuildPhase;
			buildActionMask = 2147483647;
			files = (
				E17BE1CA008D7EB462DEA44E /* Pods_test.framework in Frameworks */,
			);
			runOnlyForDeploymentPostprocessing = 0;
		};
		49D1633E2221C13D005F3775 /* Frameworks */ = {
			isa = PBXFrameworksBuildPhase;
			buildActionMask = 2147483647;
			files = (
				05E81E809C16180D1E37EB6E /* Pods_testTests.framework in Frameworks */,
			);
			runOnlyForDeploymentPostprocessing = 0;
		};
		49D163492221C13D005F3775 /* Frameworks */ = {
			isa = PBXFrameworksBuildPhase;
			buildActionMask = 2147483647;
			files = (
				45A52D3E02FE6C6A5EAC8FD3 /* Pods_testUITests.framework in Frameworks */,
			);
			runOnlyForDeploymentPostprocessing = 0;
		};
/* End PBXFrameworksBuildPhase section */

/* Begin PBXGroup section */
		49D163242221C13B005F3775 = {
			isa = PBXGroup;
			children = (
				49D1632F2221C13B005F3775 /* test */,
				49D163442221C13D005F3775 /* testTests */,
				49D1634F2221C13D005F3775 /* testUITests */,
				49D1632E2221C13B005F3775 /* Products */,
				764BBD4F8DF1B82C076900E7 /* Pods */,
				60FB24111DDC26FFA02EC72E /* Frameworks */,
			);
			sourceTree = "<group>";
		};
		49D1632E2221C13B005F3775 /* Products */ = {
			isa = PBXGroup;
			children = (
				49D1632D2221C13B005F3775 /* test.app */,
				49D163412221C13D005F3775 /* testTests.xctest */,
				49D1634C2221C13D005F3775 /* testUITests.xctest */,
			);
			name = Products;
			sourceTree = "<group>";
		};
		49D1632F2221C13B005F3775 /* test */ = {
			isa = PBXGroup;
			children = (
				49D163302221C13B005F3775 /* AppDelegate.swift */,
				49D163322221C13B005F3775 /* CustomCollectionsViewController.swift */,
				49A4F9DC2240A4A6000A0F72 /* CustomCollectionTableViewCell.swift */,
				49D163342221C13B005F3775 /* Main.storyboard */,
				49A4F9DE2240A6CD000A0F72 /* CollectionClass.swift */,
				49D163372221C13D005F3775 /* Assets.xcassets */,
				49D163392221C13D005F3775 /* LaunchScreen.storyboard */,
				49D1633C2221C13D005F3775 /* Info.plist */,
			);
			path = test;
			sourceTree = "<group>";
		};
		49D163442221C13D005F3775 /* testTests */ = {
			isa = PBXGroup;
			children = (
				49D163452221C13D005F3775 /* testTests.swift */,
				49D163472221C13D005F3775 /* Info.plist */,
			);
			path = testTests;
			sourceTree = "<group>";
		};
		49D1634F2221C13D005F3775 /* testUITests */ = {
			isa = PBXGroup;
			children = (
				49D163502221C13D005F3775 /* testUITests.swift */,
				49D163522221C13D005F3775 /* Info.plist */,
			);
			path = testUITests;
			sourceTree = "<group>";
		};
		60FB24111DDC26FFA02EC72E /* Frameworks */ = {
			isa = PBXGroup;
			children = (
				BDC21B961989B3F40C6F1896 /* Pods_test.framework */,
				C06E1D50F368EB41EC5CC573 /* Pods_testTests.framework */,
				DBBEC2915C47000A6CB4B893 /* Pods_testUITests.framework */,
			);
			name = Frameworks;
			sourceTree = "<group>";
		};
		764BBD4F8DF1B82C076900E7 /* Pods */ = {
			isa = PBXGroup;
			children = (
				BF0A74EE621861B0245F93F6 /* Pods-test.debug.xcconfig */,
				122B69288C89A137F23C5261 /* Pods-test.release.xcconfig */,
				6343A80209DDC7C17E24C7E3 /* Pods-testTests.debug.xcconfig */,
				4FFAC7799798E4F971321966 /* Pods-testTests.release.xcconfig */,
				1A94A0BCEEC41FE2C53CF11F /* Pods-testUITests.debug.xcconfig */,
				552D12B00CBE39B4A5AD2317 /* Pods-testUITests.release.xcconfig */,
			);
			path = Pods;
			sourceTree = "<group>";
		};
/* End PBXGroup section */

/* Begin PBXNativeTarget section */
		49D1632C2221C13B005F3775 /* test */ = {
			isa = PBXNativeTarget;
			buildConfigurationList = 49D163552221C13D005F3775 /* Build configuration list for PBXNativeTarget "test" */;
			buildPhases = (
				E0DF3CE09C88253D0C33411E /* [CP] Check Pods Manifest.lock */,
				49D163292221C13B005F3775 /* Sources */,
				49D1632A2221C13B005F3775 /* Frameworks */,
				49D1632B2221C13B005F3775 /* Resources */,
			);
			buildRules = (
			);
			dependencies = (
			);
			name = test;
			productName = test;
			productReference = 49D1632D2221C13B005F3775 /* test.app */;
			productType = "com.apple.product-type.application";
		};
		49D163402221C13D005F3775 /* testTests */ = {
			isa = PBXNativeTarget;
			buildConfigurationList = 49D163582221C13D005F3775 /* Build configuration list for PBXNativeTarget "testTests" */;
			buildPhases = (
				A3697E2D486DBB5305275089 /* [CP] Check Pods Manifest.lock */,
				49D1633D2221C13D005F3775 /* Sources */,
				49D1633E2221C13D005F3775 /* Frameworks */,
				49D1633F2221C13D005F3775 /* Resources */,
			);
			buildRules = (
			);
			dependencies = (
				49D163432221C13D005F3775 /* PBXTargetDependency */,
			);
			name = testTests;
			productName = testTests;
			productReference = 49D163412221C13D005F3775 /* testTests.xctest */;
			productType = "com.apple.product-type.bundle.unit-test";
		};
		49D1634B2221C13D005F3775 /* testUITests */ = {
			isa = PBXNativeTarget;
			buildConfigurationList = 49D1635B2221C13D005F3775 /* Build configuration list for PBXNativeTarget "testUITests" */;
			buildPhases = (
				EE98F96F342EE7C81577CDE8 /* [CP] Check Pods Manifest.lock */,
				49D163482221C13D005F3775 /* Sources */,
				49D163492221C13D005F3775 /* Frameworks */,
				49D1634A2221C13D005F3775 /* Resources */,
			);
			buildRules = (
			);
			dependencies = (
				49D1634E2221C13D005F3775 /* PBXTargetDependency */,
			);
			name = testUITests;
			productName = testUITests;
			productReference = 49D1634C2221C13D005F3775 /* testUITests.xctest */;
			productType = "com.apple.product-type.bundle.ui-testing";
		};
/* End PBXNativeTarget section */

/* Begin PBXProject section */
		49D163252221C13B005F3775 /* Project object */ = {
			isa = PBXProject;
			attributes = {
				LastSwiftUpdateCheck = 1010;
				LastUpgradeCheck = 1010;
				ORGANIZATIONNAME = "Samuel Coby Anderson";
				TargetAttributes = {
					49D1632C2221C13B005F3775 = {
						CreatedOnToolsVersion = 10.1;
					};
					49D163402221C13D005F3775 = {
						CreatedOnToolsVersion = 10.1;
						TestTargetID = 49D1632C2221C13B005F3775;
					};
					49D1634B2221C13D005F3775 = {
						CreatedOnToolsVersion = 10.1;
						TestTargetID = 49D1632C2221C13B005F3775;
					};
				};
			};
			buildConfigurationList = 49D163282221C13B005F3775 /* Build configuration list for PBXProject "test" */;
			compatibilityVersion = "Xcode 9.3";
			developmentRegion = en;
			hasScannedForEncodings = 0;
			knownRegions = (
				en,
				Base,
			);
			mainGroup = 49D163242221C13B005F3775;
			productRefGroup = 49D1632E2221C13B005F3775 /* Products */;
			projectDirPath = "";
			projectRoot = "";
			targets = (
				49D1632C2221C13B005F3775 /* test */,
				49D163402221C13D005F3775 /* testTests */,
				49D1634B2221C13D005F3775 /* testUITests */,
			);
		};
/* End PBXProject section */

/* Begin PBXResourcesBuildPhase section */
		49D1632B2221C13B005F3775 /* Resources */ = {
			isa = PBXResourcesBuildPhase;
			buildActionMask = 2147483647;
			files = (
				49D1633B2221C13D005F3775 /* LaunchScreen.storyboard in Resources */,
				49D163382221C13D005F3775 /* Assets.xcassets in Resources */,
				49D163362221C13B005F3775 /* Main.storyboard in Resources */,
			);
			runOnlyForDeploymentPostprocessing = 0;
		};
		49D1633F2221C13D005F3775 /* Resources */ = {
			isa = PBXResourcesBuildPhase;
			buildActionMask = 2147483647;
			files = (
			);
			runOnlyForDeploymentPostprocessing = 0;
		};
		49D1634A2221C13D005F3775 /* Resources */ = {
			isa = PBXResourcesBuildPhase;
			buildActionMask = 2147483647;
			files = (
			);
			runOnlyForDeploymentPostprocessing = 0;
		};
/* End PBXResourcesBuildPhase section */

/* Begin PBXShellScriptBuildPhase section */
		A3697E2D486DBB5305275089 /* [CP] Check Pods Manifest.lock */ = {
			isa = PBXShellScriptBuildPhase;
			buildActionMask = 2147483647;
			files = (
			);
			inputFileListPaths = (
			);
			inputPaths = (
				"${PODS_PODFILE_DIR_PATH}/Podfile.lock",
				"${PODS_ROOT}/Manifest.lock",
			);
			name = "[CP] Check Pods Manifest.lock";
			outputFileListPaths = (
			);
			outputPaths = (
				"$(DERIVED_FILE_DIR)/Pods-testTests-checkManifestLockResult.txt",
			);
			runOnlyForDeploymentPostprocessing = 0;
			shellPath = /bin/sh;
			shellScript = "diff \"${PODS_PODFILE_DIR_PATH}/Podfile.lock\" \"${PODS_ROOT}/Manifest.lock\" > /dev/null\nif [ $? != 0 ] ; then\n    # print error to STDERR\n    echo \"error: The sandbox is not in sync with the Podfile.lock. Run 'pod install' or update your CocoaPods installation.\" >&2\n    exit 1\nfi\n# This output is used by Xcode 'outputs' to avoid re-running this script phase.\necho \"SUCCESS\" > \"${SCRIPT_OUTPUT_FILE_0}\"\n";
			showEnvVarsInLog = 0;
		};
		E0DF3CE09C88253D0C33411E /* [CP] Check Pods Manifest.lock */ = {
			isa = PBXShellScriptBuildPhase;
			buildActionMask = 2147483647;
			files = (
			);
			inputFileListPaths = (
			);
			inputPaths = (
				"${PODS_PODFILE_DIR_PATH}/Podfile.lock",
				"${PODS_ROOT}/Manifest.lock",
			);
			name = "[CP] Check Pods Manifest.lock";
			outputFileListPaths = (
			);
			outputPaths = (
				"$(DERIVED_FILE_DIR)/Pods-test-checkManifestLockResult.txt",
			);
			runOnlyForDeploymentPostprocessing = 0;
			shellPath = /bin/sh;
			shellScript = "diff \"${PODS_PODFILE_DIR_PATH}/Podfile.lock\" \"${PODS_ROOT}/Manifest.lock\" > /dev/null\nif [ $? != 0 ] ; then\n    # print error to STDERR\n    echo \"error: The sandbox is not in sync with the Podfile.lock. Run 'pod install' or update your CocoaPods installation.\" >&2\n    exit 1\nfi\n# This output is used by Xcode 'outputs' to avoid re-running this script phase.\necho \"SUCCESS\" > \"${SCRIPT_OUTPUT_FILE_0}\"\n";
			showEnvVarsInLog = 0;
		};
		EE98F96F342EE7C81577CDE8 /* [CP] Check Pods Manifest.lock */ = {
			isa = PBXShellScriptBuildPhase;
			buildActionMask = 2147483647;
			files = (
			);
			inputFileListPaths = (
			);
			inputPaths = (
				"${PODS_PODFILE_DIR_PATH}/Podfile.lock",
				"${PODS_ROOT}/Manifest.lock",
			);
			name = "[CP] Check Pods Manifest.lock";
			outputFileListPaths = (
			);
			outputPaths = (
				"$(DERIVED_FILE_DIR)/Pods-testUITests-checkManifestLockResult.txt",
			);
			runOnlyForDeploymentPostprocessing = 0;
			shellPath = /bin/sh;
			shellScript = "diff \"${PODS_PODFILE_DIR_PATH}/Podfile.lock\" \"${PODS_ROOT}/Manifest.lock\" > /dev/null\nif [ $? != 0 ] ; then\n    # print error to STDERR\n    echo \"error: The sandbox is not in sync with the Podfile.lock. Run 'pod install' or update your CocoaPods installation.\" >&2\n    exit 1\nfi\n# This output is used by Xcode 'outputs' to avoid re-running this script phase.\necho \"SUCCESS\" > \"${SCRIPT_OUTPUT_FILE_0}\"\n";
			showEnvVarsInLog = 0;
		};
/* End PBXShellScriptBuildPhase section */

/* Begin PBXSourcesBuildPhase section */
		49D163292221C13B005F3775 /* Sources */ = {
			isa = PBXSourcesBuildPhase;
			buildActionMask = 2147483647;
			files = (
				49A4F9DD2240A4A6000A0F72 /* CustomCollectionTableViewCell.swift in Sources */,
				49D163332221C13B005F3775 /* CustomCollectionsViewController.swift in Sources */,
				49A4F9DF2240A6CD000A0F72 /* CollectionClass.swift in Sources */,
				49D163312221C13B005F3775 /* AppDelegate.swift in Sources */,
			);
			runOnlyForDeploymentPostprocessing = 0;
		};
		49D1633D2221C13D005F3775 /* Sources */ = {
			isa = PBXSourcesBuildPhase;
			buildActionMask = 2147483647;
			files = (
				49D163462221C13D005F3775 /* testTests.swift in Sources */,
			);
			runOnlyForDeploymentPostprocessing = 0;
		};
		49D163482221C13D005F3775 /* Sources */ = {
			isa = PBXSourcesBuildPhase;
			buildActionMask = 2147483647;
			files = (
				49D163512221C13D005F3775 /* testUITests.swift in Sources */,
			);
			runOnlyForDeploymentPostprocessing = 0;
		};
/* End PBXSourcesBuildPhase section */

/* Begin PBXTargetDependency section */
		49D163432221C13D005F3775 /* PBXTargetDependency */ = {
			isa = PBXTargetDependency;
			target = 49D1632C2221C13B005F3775 /* test */;
			targetProxy = 49D163422221C13D005F3775 /* PBXContainerItemProxy */;
		};
		49D1634E2221C13D005F3775 /* PBXTargetDependency */ = {
			isa = PBXTargetDependency;
			target = 49D1632C2221C13B005F3775 /* test */;
			targetProxy = 49D1634D2221C13D005F3775 /* PBXContainerItemProxy */;
		};
/* End PBXTargetDependency section */

/* Begin PBXVariantGroup section */
		49D163342221C13B005F3775 /* Main.storyboard */ = {
			isa = PBXVariantGroup;
			children = (
				49D163352221C13B005F3775 /* Base */,
			);
			name = Main.storyboard;
			sourceTree = "<group>";
		};
		49D163392221C13D005F3775 /* LaunchScreen.storyboard */ = {
			isa = PBXVariantGroup;
			children = (
				49D1633A2221C13D005F3775 /* Base */,
			);
			name = LaunchScreen.storyboard;
			sourceTree = "<group>";
		};
/* End PBXVariantGroup section */

/* Begin XCBuildConfiguration section */
		49D163532221C13D005F3775 /* Debug */ = {
			isa = XCBuildConfiguration;
			buildSettings = {
				ALWAYS_SEARCH_USER_PATHS = NO;
				CLANG_ANALYZER_NONNULL = YES;
				CLANG_ANALYZER_NUMBER_OBJECT_CONVERSION = YES_AGGRESSIVE;
				CLANG_CXX_LANGUAGE_STANDARD = "gnu++14";
				CLANG_CXX_LIBRARY = "libc++";
				CLANG_ENABLE_MODULES = YES;
				CLANG_ENABLE_OBJC_ARC = YES;
				CLANG_ENABLE_OBJC_WEAK = YES;
				CLANG_WARN_BLOCK_CAPTURE_AUTORELEASING = YES;
				CLANG_WARN_BOOL_CONVERSION = YES;
				CLANG_WARN_COMMA = YES;
				CLANG_WARN_CONSTANT_CONVERSION = YES;
				CLANG_WARN_DEPRECATED_OBJC_IMPLEMENTATIONS = YES;
				CLANG_WARN_DIRECT_OBJC_ISA_USAGE = YES_ERROR;
				CLANG_WARN_DOCUMENTATION_COMMENTS = YES;
				CLANG_WARN_EMPTY_BODY = YES;
				CLANG_WARN_ENUM_CONVERSION = YES;
				CLANG_WARN_INFINITE_RECURSION = YES;
				CLANG_WARN_INT_CONVERSION = YES;
				CLANG_WARN_NON_LITERAL_NULL_CONVERSION = YES;
				CLANG_WARN_OBJC_IMPLICIT_RETAIN_SELF = YES;
				CLANG_WARN_OBJC_LITERAL_CONVERSION = YES;
				CLANG_WARN_OBJC_ROOT_CLASS = YES_ERROR;
				CLANG_WARN_RANGE_LOOP_ANALYSIS = YES;
				CLANG_WARN_STRICT_PROTOTYPES = YES;
				CLANG_WARN_SUSPICIOUS_MOVE = YES;
				CLANG_WARN_UNGUARDED_AVAILABILITY = YES_AGGRESSIVE;
				CLANG_WARN_UNREACHABLE_CODE = YES;
				CLANG_WARN__DUPLICATE_METHOD_MATCH = YES;
				CODE_SIGN_IDENTITY = "iPhone Developer";
				COPY_PHASE_STRIP = NO;
				DEBUG_INFORMATION_FORMAT = dwarf;
				ENABLE_STRICT_OBJC_MSGSEND = YES;
				ENABLE_TESTABILITY = YES;
				GCC_C_LANGUAGE_STANDARD = gnu11;
				GCC_DYNAMIC_NO_PIC = NO;
				GCC_NO_COMMON_BLOCKS = YES;
				GCC_OPTIMIZATION_LEVEL = 0;
				GCC_PREPROCESSOR_DEFINITIONS = (
					"DEBUG=1",
					"$(inherited)",
				);
				GCC_WARN_64_TO_32_BIT_CONVERSION = YES;
				GCC_WARN_ABOUT_RETURN_TYPE = YES_ERROR;
				GCC_WARN_UNDECLARED_SELECTOR = YES;
				GCC_WARN_UNINITIALIZED_AUTOS = YES_AGGRESSIVE;
				GCC_WARN_UNUSED_FUNCTION = YES;
				GCC_WARN_UNUSED_VARIABLE = YES;
				IPHONEOS_DEPLOYMENT_TARGET = 12.1;
				MTL_ENABLE_DEBUG_INFO = INCLUDE_SOURCE;
				MTL_FAST_MATH = YES;
				ONLY_ACTIVE_ARCH = YES;
				SDKROOT = iphoneos;
				SWIFT_ACTIVE_COMPILATION_CONDITIONS = DEBUG;
				SWIFT_OPTIMIZATION_LEVEL = "-Onone";
			};
			name = Debug;
		};
		49D163542221C13D005F3775 /* Release */ = {
			isa = XCBuildConfiguration;
			buildSettings = {
				ALWAYS_SEARCH_USER_PATHS = NO;
				CLANG_ANALYZER_NONNULL = YES;
				CLANG_ANALYZER_NUMBER_OBJECT_CONVERSION = YES_AGGRESSIVE;
				CLANG_CXX_LANGUAGE_STANDARD = "gnu++14";
				CLANG_CXX_LIBRARY = "libc++";
				CLANG_ENABLE_MODULES = YES;
				CLANG_ENABLE_OBJC_ARC = YES;
				CLANG_ENABLE_OBJC_WEAK = YES;
				CLANG_WARN_BLOCK_CAPTURE_AUTORELEASING = YES;
				CLANG_WARN_BOOL_CONVERSION = YES;
				CLANG_WARN_COMMA = YES;
				CLANG_WARN_CONSTANT_CONVERSION = YES;
				CLANG_WARN_DEPRECATED_OBJC_IMPLEMENTATIONS = YES;
				CLANG_WARN_DIRECT_OBJC_ISA_USAGE = YES_ERROR;
				CLANG_WARN_DOCUMENTATION_COMMENTS = YES;
				CLANG_WARN_EMPTY_BODY = YES;
				CLANG_WARN_ENUM_CONVERSION = YES;
				CLANG_WARN_INFINITE_RECURSION = YES;
				CLANG_WARN_INT_CONVERSION = YES;
				CLANG_WARN_NON_LITERAL_NULL_CONVERSION = YES;
				CLANG_WARN_OBJC_IMPLICIT_RETAIN_SELF = YES;
				CLANG_WARN_OBJC_LITERAL_CONVERSION = YES;
				CLANG_WARN_OBJC_ROOT_CLASS = YES_ERROR;
				CLANG_WARN_RANGE_LOOP_ANALYSIS = YES;
				CLANG_WARN_STRICT_PROTOTYPES = YES;
				CLANG_WARN_SUSPICIOUS_MOVE = YES;
				CLANG_WARN_UNGUARDED_AVAILABILITY = YES_AGGRESSIVE;
				CLANG_WARN_UNREACHABLE_CODE = YES;
				CLANG_WARN__DUPLICATE_METHOD_MATCH = YES;
				CODE_SIGN_IDENTITY = "iPhone Developer";
				COPY_PHASE_STRIP = NO;
				DEBUG_INFORMATION_FORMAT = "dwarf-with-dsym";
				ENABLE_NS_ASSERTIONS = NO;
				ENABLE_STRICT_OBJC_MSGSEND = YES;
				GCC_C_LANGUAGE_STANDARD = gnu11;
				GCC_NO_COMMON_BLOCKS = YES;
				GCC_WARN_64_TO_32_BIT_CONVERSION = YES;
				GCC_WARN_ABOUT_RETURN_TYPE = YES_ERROR;
				GCC_WARN_UNDECLARED_SELECTOR = YES;
				GCC_WARN_UNINITIALIZED_AUTOS = YES_AGGRESSIVE;
				GCC_WARN_UNUSED_FUNCTION = YES;
				GCC_WARN_UNUSED_VARIABLE = YES;
				IPHONEOS_DEPLOYMENT_TARGET = 12.1;
				MTL_ENABLE_DEBUG_INFO = NO;
				MTL_FAST_MATH = YES;
				SDKROOT = iphoneos;
				SWIFT_COMPILATION_MODE = wholemodule;
				SWIFT_OPTIMIZATION_LEVEL = "-O";
				VALIDATE_PRODUCT = YES;
			};
			name = Release;
		};
		49D163562221C13D005F3775 /* Debug */ = {
			isa = XCBuildConfiguration;
			baseConfigurationReference = BF0A74EE621861B0245F93F6 /* Pods-test.debug.xcconfig */;
			buildSettings = {
				ASSETCATALOG_COMPILER_APPICON_NAME = AppIcon;
				CODE_SIGN_STYLE = Automatic;
				DEVELOPMENT_TEAM = D6C7YNZ89Q;
				INFOPLIST_FILE = test/Info.plist;
				LD_RUNPATH_SEARCH_PATHS = (
					"$(inherited)",
					"@executable_path/Frameworks",
				);
				PRODUCT_BUNDLE_IDENTIFIER = com.coby.test.test;
				PRODUCT_NAME = "$(TARGET_NAME)";
				SWIFT_VERSION = 4.2;
				TARGETED_DEVICE_FAMILY = "1,2";
			};
			name = Debug;
		};
		49D163572221C13D005F3775 /* Release */ = {
			isa = XCBuildConfiguration;
			baseConfigurationReference = 122B69288C89A137F23C5261 /* Pods-test.release.xcconfig */;
			buildSettings = {
				ASSETCATALOG_COMPILER_APPICON_NAME = AppIcon;
				CODE_SIGN_STYLE = Automatic;
				DEVELOPMENT_TEAM = D6C7YNZ89Q;
				INFOPLIST_FILE = test/Info.plist;
				LD_RUNPATH_SEARCH_PATHS = (
					"$(inherited)",
					"@executable_path/Frameworks",
				);
				PRODUCT_BUNDLE_IDENTIFIER = com.coby.test.test;
				PRODUCT_NAME = "$(TARGET_NAME)";
				SWIFT_VERSION = 4.2;
				TARGETED_DEVICE_FAMILY = "1,2";
			};
			name = Release;
		};
		49D163592221C13D005F3775 /* Debug */ = {
			isa = XCBuildConfiguration;
			baseConfigurationReference = 6343A80209DDC7C17E24C7E3 /* Pods-testTests.debug.xcconfig */;
			buildSettings = {
				ALWAYS_EMBED_SWIFT_STANDARD_LIBRARIES = YES;
				BUNDLE_LOADER = "$(TEST_HOST)";
				CODE_SIGN_STYLE = Automatic;
				DEVELOPMENT_TEAM = D6C7YNZ89Q;
				INFOPLIST_FILE = testTests/Info.plist;
				LD_RUNPATH_SEARCH_PATHS = (
					"$(inherited)",
					"@executable_path/Frameworks",
					"@loader_path/Frameworks",
				);
				PRODUCT_BUNDLE_IDENTIFIER = com.coby.test.testTests;
				PRODUCT_NAME = "$(TARGET_NAME)";
				SWIFT_VERSION = 4.2;
				TARGETED_DEVICE_FAMILY = "1,2";
				TEST_HOST = "$(BUILT_PRODUCTS_DIR)/test.app/test";
			};
			name = Debug;
		};
		49D1635A2221C13D005F3775 /* Release */ = {
			isa = XCBuildConfiguration;
			baseConfigurationReference = 4FFAC7799798E4F971321966 /* Pods-testTests.release.xcconfig */;
			buildSettings = {
				ALWAYS_EMBED_SWIFT_STANDARD_LIBRARIES = YES;
				BUNDLE_LOADER = "$(TEST_HOST)";
				CODE_SIGN_STYLE = Automatic;
				DEVELOPMENT_TEAM = D6C7YNZ89Q;
				INFOPLIST_FILE = testTests/Info.plist;
				LD_RUNPATH_SEARCH_PATHS = (
					"$(inherited)",
					"@executable_path/Frameworks",
					"@loader_path/Frameworks",
				);
				PRODUCT_BUNDLE_IDENTIFIER = com.coby.test.testTests;
				PRODUCT_NAME = "$(TARGET_NAME)";
				SWIFT_VERSION = 4.2;
				TARGETED_DEVICE_FAMILY = "1,2";
				TEST_HOST = "$(BUILT_PRODUCTS_DIR)/test.app/test";
			};
			name = Release;
		};
		49D1635C2221C13D005F3775 /* Debug */ = {
			isa = XCBuildConfiguration;
			baseConfigurationReference = 1A94A0BCEEC41FE2C53CF11F /* Pods-testUITests.debug.xcconfig */;
			buildSettings = {
				ALWAYS_EMBED_SWIFT_STANDARD_LIBRARIES = YES;
				CODE_SIGN_STYLE = Automatic;
				DEVELOPMENT_TEAM = D6C7YNZ89Q;
				INFOPLIST_FILE = testUITests/Info.plist;
				LD_RUNPATH_SEARCH_PATHS = (
					"$(inherited)",
					"@executable_path/Frameworks",
					"@loader_path/Frameworks",
				);
				PRODUCT_BUNDLE_IDENTIFIER = com.coby.test.testUITests;
				PRODUCT_NAME = "$(TARGET_NAME)";
				SWIFT_VERSION = 4.2;
				TARGETED_DEVICE_FAMILY = "1,2";
				TEST_TARGET_NAME = test;
			};
			name = Debug;
		};
		49D1635D2221C13D005F3775 /* Release */ = {
			isa = XCBuildConfiguration;
			baseConfigurationReference = 552D12B00CBE39B4A5AD2317 /* Pods-testUITests.release.xcconfig */;
			buildSettings = {
				ALWAYS_EMBED_SWIFT_STANDARD_LIBRARIES = YES;
				CODE_SIGN_STYLE = Automatic;
				DEVELOPMENT_TEAM = D6C7YNZ89Q;
				INFOPLIST_FILE = testUITests/Info.plist;
				LD_RUNPATH_SEARCH_PATHS = (
					"$(inherited)",
					"@executable_path/Frameworks",
					"@loader_path/Frameworks",
				);
				PRODUCT_BUNDLE_IDENTIFIER = com.coby.test.testUITests;
				PRODUCT_NAME = "$(TARGET_NAME)";
				SWIFT_VERSION = 4.2;
				TARGETED_DEVICE_FAMILY = "1,2";
				TEST_TARGET_NAME = test;
			};
			name = Release;
		};
/* End XCBuildConfiguration section */

/* Begin XCConfigurationList section */
		49D163282221C13B005F3775 /* Build configuration list for PBXProject "test" */ = {
			isa = XCConfigurationList;
			buildConfigurations = (
				49D163532221C13D005F3775 /* Debug */,
				49D163542221C13D005F3775 /* Release */,
			);
			defaultConfigurationIsVisible = 0;
			defaultConfigurationName = Release;
		};
		49D163552221C13D005F3775 /* Build configuration list for PBXNativeTarget "test" */ = {
			isa = XCConfigurationList;
			buildConfigurations = (
				49D163562221C13D005F3775 /* Debug */,
				49D163572221C13D005F3775 /* Release */,
			);
			defaultConfigurationIsVisible = 0;
			defaultConfigurationName = Release;
		};
		49D163582221C13D005F3775 /* Build configuration list for PBXNativeTarget "testTests" */ = {
			isa = XCConfigurationList;
			buildConfigurations = (
				49D163592221C13D005F3775 /* Debug */,
				49D1635A2221C13D005F3775 /* Release */,
			);
			defaultConfigurationIsVisible = 0;
			defaultConfigurationName = Release;
		};
		49D1635B2221C13D005F3775 /* Build configuration list for PBXNativeTarget "testUITests" */ = {
			isa = XCConfigurationList;
			buildConfigurations = (
				49D1635C2221C13D005F3775 /* Debug */,
				49D1635D2221C13D005F3775 /* Release */,
			);
			defaultConfigurationIsVisible = 0;
			defaultConfigurationName = Release;
		};
/* End XCConfigurationList section */
	};
	rootObject = 49D163252221C13B005F3775 /* Project object */;
}
